
Microsoft Visual Studio Solution File, Format Version 12.00
# Visual Studio Version 17
VisualStudioVersion = 17.8.34330.188
MinimumVisualStudioVersion = 10.0.40219.1
Project("{9A19103F-16F7-4668-BE54-9A1E7A4F7556}") = "001_RemoveDuplicatesFromSortedArray", "001_RemoveDuplicatesFromSortedArray\001_RemoveDuplicatesFromSortedArray.csproj", "{C52929A8-8550-4D63-9050-5A55FE7B557F}"
EndProject
Project("{FAE04EC0-301F-11D3-BF4B-00C04F79EFBC}") = "TopInterviewQuestions", "TopInterviewQuestions\TopInterviewQuestions.csproj", "{350FB723-7FE8-4084-9066-57E77B1839CF}"
EndProject
Project("{FAE04EC0-301F-11D3-BF4B-00C04F79EFBC}") = "TopInterviewQuestions.Tests", "TopInterviewQuestions.Tests\TopInterviewQuestions.Tests.csproj", "{B009F2A5-7C86-4A66-9E1F-4AF40CE9A530}"
EndProject
Global
	GlobalSection(SolutionConfigurationPlatforms) = preSolution
		Debug|Any CPU = Debug|Any CPU
		Release|Any CPU = Release|Any CPU
	EndGlobalSection
	GlobalSection(ProjectConfigurationPlatforms) = postSolution
		{C52929A8-8550-4D63-9050-5A55FE7B557F}.Debug|Any CPU.ActiveCfg = Debug|Any CPU
		{C52929A8-8550-4D63-9050-5A55FE7B557F}.Debug|Any CPU.Build.0 = Debug|Any CPU
		{C52929A8-8550-4D63-9050-5A55FE7B557F}.Release|Any CPU.ActiveCfg = Release|Any CPU
		{C52929A8-8550-4D63-9050-5A55FE7B557F}.Release|Any CPU.Build.0 = Release|Any CPU
		{350FB723-7FE8-4084-9066-57E77B1839CF}.Debug|Any CPU.ActiveCfg = Debug|Any CPU
		{350FB723-7FE8-4084-9066-57E77B1839CF}.Debug|Any CPU.Build.0 = Debug|Any CPU
		{350FB723-7FE8-4084-9066-57E77B1839CF}.Release|Any CPU.ActiveCfg = Release|Any CPU
		{350FB723-7FE8-4084-9066-57E77B1839CF}.Release|Any CPU.Build.0 = Release|Any CPU
		{B009F2A5-7C86-4A66-9E1F-4AF40CE9A530}.Debug|Any CPU.ActiveCfg = Debug|Any CPU
		{B009F2A5-7C86-4A66-9E1F-4AF40CE9A530}.Debug|Any CPU.Build.0 = Debug|Any CPU
		{B009F2A5-7C86-4A66-9E1F-4AF40CE9A530}.Release|Any CPU.ActiveCfg = Release|Any CPU
		{B009F2A5-7C86-4A66-9E1F-4AF40CE9A530}.Release|Any CPU.Build.0 = Release|Any CPU
	EndGlobalSection
	GlobalSection(SolutionProperties) = preSolution
		HideSolutionNode = FALSE
	EndGlobalSection
	GlobalSection(ExtensibilityGlobals) = postSolution
		SolutionGuid = {A08DE342-9758-4B5C-A045-B55D6C6B777F}
	EndGlobalSection
EndGlobal
